// !$*UTF8*$!
{
	archiveVersion = 1;
	classes = {
	};
	objectVersion = 46;
	objects = {

/* Begin PBXBuildFile section */
		1B599536E3AF4E7597E8AF31 /* libPods.a in Frameworks */ = {isa = PBXBuildFile; fileRef = 57146993A56044CD96615E4D /* libPods.a */; };
		E212C0C718784AED004F3255 /* Foundation.framework in Frameworks */ = {isa = PBXBuildFile; fileRef = E212C0C618784AED004F3255 /* Foundation.framework */; };
		E212C0C918784AED004F3255 /* CoreGraphics.framework in Frameworks */ = {isa = PBXBuildFile; fileRef = E212C0C818784AED004F3255 /* CoreGraphics.framework */; };
		E212C0CB18784AED004F3255 /* UIKit.framework in Frameworks */ = {isa = PBXBuildFile; fileRef = E212C0CA18784AED004F3255 /* UIKit.framework */; };
		E212C0D118784AED004F3255 /* InfoPlist.strings in Resources */ = {isa = PBXBuildFile; fileRef = E212C0CF18784AED004F3255 /* InfoPlist.strings */; };
		E212C0D318784AED004F3255 /* main.m in Sources */ = {isa = PBXBuildFile; fileRef = E212C0D218784AED004F3255 /* main.m */; };
		E212C0D718784AED004F3255 /* AppDelegate.m in Sources */ = {isa = PBXBuildFile; fileRef = E212C0D618784AED004F3255 /* AppDelegate.m */; };
		E212C0DA18784AED004F3255 /* Main.storyboard in Resources */ = {isa = PBXBuildFile; fileRef = E212C0D818784AED004F3255 /* Main.storyboard */; };
		E212C0DD18784AED004F3255 /* ViewController.m in Sources */ = {isa = PBXBuildFile; fileRef = E212C0DC18784AED004F3255 /* ViewController.m */; };
		E212C0DF18784AEE004F3255 /* Images.xcassets in Resources */ = {isa = PBXBuildFile; fileRef = E212C0DE18784AEE004F3255 /* Images.xcassets */; };
		E212C0E618784AEE004F3255 /* XCTest.framework in Frameworks */ = {isa = PBXBuildFile; fileRef = E212C0E518784AEE004F3255 /* XCTest.framework */; };
		E212C0E718784AEE004F3255 /* Foundation.framework in Frameworks */ = {isa = PBXBuildFile; fileRef = E212C0C618784AED004F3255 /* Foundation.framework */; };
		E212C0E818784AEE004F3255 /* UIKit.framework in Frameworks */ = {isa = PBXBuildFile; fileRef = E212C0CA18784AED004F3255 /* UIKit.framework */; };
		E212C0F018784AEE004F3255 /* InfoPlist.strings in Resources */ = {isa = PBXBuildFile; fileRef = E212C0EE18784AEE004F3255 /* InfoPlist.strings */; };
		E212C0F218784AEE004F3255 /* TravisCiIntegrationTests.m in Sources */ = {isa = PBXBuildFile; fileRef = E212C0F118784AEE004F3255 /* TravisCiIntegrationTests.m */; };
/* End PBXBuildFile section */

/* Begin PBXContainerItemProxy section */
		E212C0E918784AEE004F3255 /* PBXContainerItemProxy */ = {
			isa = PBXContainerItemProxy;
			containerPortal = E212C0BB18784AED004F3255 /* Project object */;
			proxyType = 1;
			remoteGlobalIDString = E212C0C218784AED004F3255;
			remoteInfo = TravisCiIntegration;
		};
/* End PBXContainerItemProxy section */

/* Begin PBXFileReference section */
		32C0A65B95E24005823087B4 /* Pods.xcconfig */ = {isa = PBXFileReference; includeInIndex = 1; lastKnownFileType = text.xcconfig; name = Pods.xcconfig; path = Pods/Pods.xcconfig; sourceTree = "<group>"; };
		57146993A56044CD96615E4D /* libPods.a */ = {isa = PBXFileReference; explicitFileType = archive.ar; includeInIndex = 0; path = libPods.a; sourceTree = BUILT_PRODUCTS_DIR; };
		E212C0C318784AED004F3255 /* TravisCiIntegration.app */ = {isa = PBXFileReference; explicitFileType = wrapper.application; includeInIndex = 0; path = TravisCiIntegration.app; sourceTree = BUILT_PRODUCTS_DIR; };
		E212C0C618784AED004F3255 /* Foundation.framework */ = {isa = PBXFileReference; lastKnownFileType = wrapper.framework; name = Foundation.framework; path = System/Library/Frameworks/Foundation.framework; sourceTree = SDKROOT; };
		E212C0C818784AED004F3255 /* CoreGraphics.framework */ = {isa = PBXFileReference; lastKnownFileType = wrapper.framework; name = CoreGraphics.framework; path = System/Library/Frameworks/CoreGraphics.framework; sourceTree = SDKROOT; };
		E212C0CA18784AED004F3255 /* UIKit.framework */ = {isa = PBXFileReference; lastKnownFileType = wrapper.framework; name = UIKit.framework; path = System/Library/Frameworks/UIKit.framework; sourceTree = SDKROOT; };
		E212C0CE18784AED004F3255 /* TravisCiIntegration-Info.plist */ = {isa = PBXFileReference; lastKnownFileType = text.plist.xml; path = "TravisCiIntegration-Info.plist"; sourceTree = "<group>"; };
		E212C0D018784AED004F3255 /* en */ = {isa = PBXFileReference; lastKnownFileType = text.plist.strings; name = en; path = en.lproj/InfoPlist.strings; sourceTree = "<group>"; };
		E212C0D218784AED004F3255 /* main.m */ = {isa = PBXFileReference; lastKnownFileType = sourcecode.c.objc; path = main.m; sourceTree = "<group>"; };
		E212C0D418784AED004F3255 /* TravisCiIntegration-Prefix.pch */ = {isa = PBXFileReference; lastKnownFileType = sourcecode.c.h; path = "TravisCiIntegration-Prefix.pch"; sourceTree = "<group>"; };
		E212C0D518784AED004F3255 /* AppDelegate.h */ = {isa = PBXFileReference; lastKnownFileType = sourcecode.c.h; path = AppDelegate.h; sourceTree = "<group>"; };
		E212C0D618784AED004F3255 /* AppDelegate.m */ = {isa = PBXFileReference; lastKnownFileType = sourcecode.c.objc; path = AppDelegate.m; sourceTree = "<group>"; };
		E212C0D918784AED004F3255 /* Base */ = {isa = PBXFileReference; lastKnownFileType = file.storyboard; name = Base; path = Base.lproj/Main.storyboard; sourceTree = "<group>"; };
		E212C0DB18784AED004F3255 /* ViewController.h */ = {isa = PBXFileReference; lastKnownFileType = sourcecode.c.h; path = ViewController.h; sourceTree = "<group>"; };
		E212C0DC18784AED004F3255 /* ViewController.m */ = {isa = PBXFileReference; lastKnownFileType = sourcecode.c.objc; path = ViewController.m; sourceTree = "<group>"; };
		E212C0DE18784AEE004F3255 /* Images.xcassets */ = {isa = PBXFileReference; lastKnownFileType = folder.assetcatalog; path = Images.xcassets; sourceTree = "<group>"; };
		E212C0E418784AEE004F3255 /* TravisCiIntegrationTests.xctest */ = {isa = PBXFileReference; explicitFileType = wrapper.cfbundle; includeInIndex = 0; path = TravisCiIntegrationTests.xctest; sourceTree = BUILT_PRODUCTS_DIR; };
		E212C0E518784AEE004F3255 /* XCTest.framework */ = {isa = PBXFileReference; lastKnownFileType = wrapper.framework; name = XCTest.framework; path = Library/Frameworks/XCTest.framework; sourceTree = DEVELOPER_DIR; };
		E212C0ED18784AEE004F3255 /* TravisCiIntegrationTests-Info.plist */ = {isa = PBXFileReference; lastKnownFileType = text.plist.xml; path = "TravisCiIntegrationTests-Info.plist"; sourceTree = "<group>"; };
		E212C0EF18784AEE004F3255 /* en */ = {isa = PBXFileReference; lastKnownFileType = text.plist.strings; name = en; path = en.lproj/InfoPlist.strings; sourceTree = "<group>"; };
		E212C0F118784AEE004F3255 /* TravisCiIntegrationTests.m */ = {isa = PBXFileReference; lastKnownFileType = sourcecode.c.objc; path = TravisCiIntegrationTests.m; sourceTree = "<group>"; };
/* End PBXFileReference section */

/* Begin PBXFrameworksBuildPhase section */
		E212C0C018784AED004F3255 /* Frameworks */ = {
			isa = PBXFrameworksBuildPhase;
			buildActionMask = 2147483647;
			files = (
				E212C0C918784AED004F3255 /* CoreGraphics.framework in Frameworks */,
				E212C0CB18784AED004F3255 /* UIKit.framework in Frameworks */,
				E212C0C718784AED004F3255 /* Foundation.framework in Frameworks */,
				1B599536E3AF4E7597E8AF31 /* libPods.a in Frameworks */,
			);
			runOnlyForDeploymentPostprocessing = 0;
		};
		E212C0E118784AEE004F3255 /* Frameworks */ = {
			isa = PBXFrameworksBuildPhase;
			buildActionMask = 2147483647;
			files = (
				E212C0E618784AEE004F3255 /* XCTest.framework in Frameworks */,
				E212C0E818784AEE004F3255 /* UIKit.framework in Frameworks */,
				E212C0E718784AEE004F3255 /* Foundation.framework in Frameworks */,
			);
			runOnlyForDeploymentPostprocessing = 0;
		};
/* End PBXFrameworksBuildPhase section */

/* Begin PBXGroup section */
		E212C0BA18784AED004F3255 = {
			isa = PBXGroup;
			children = (
				E212C0CC18784AED004F3255 /* TravisCiIntegration */,
				E212C0EB18784AEE004F3255 /* TravisCiIntegrationTests */,
				E212C0C518784AED004F3255 /* Frameworks */,
				E212C0C418784AED004F3255 /* Products */,
				32C0A65B95E24005823087B4 /* Pods.xcconfig */,
			);
			sourceTree = "<group>";
		};
		E212C0C418784AED004F3255 /* Products */ = {
			isa = PBXGroup;
			children = (
				E212C0C318784AED004F3255 /* TravisCiIntegration.app */,
				E212C0E418784AEE004F3255 /* TravisCiIntegrationTests.xctest */,
			);
			name = Products;
			sourceTree = "<group>";
		};
		E212C0C518784AED004F3255 /* Frameworks */ = {
			isa = PBXGroup;
			children = (
				E212C0C618784AED004F3255 /* Foundation.framework */,
				E212C0C818784AED004F3255 /* CoreGraphics.framework */,
				E212C0CA18784AED004F3255 /* UIKit.framework */,
				E212C0E518784AEE004F3255 /* XCTest.framework */,
				57146993A56044CD96615E4D /* libPods.a */,
			);
			name = Frameworks;
			sourceTree = "<group>";
		};
		E212C0CC18784AED004F3255 /* TravisCiIntegration */ = {
			isa = PBXGroup;
			children = (
				E212C0D518784AED004F3255 /* AppDelegate.h */,
				E212C0D618784AED004F3255 /* AppDelegate.m */,
				E212C0D818784AED004F3255 /* Main.storyboard */,
				E212C0DB18784AED004F3255 /* ViewController.h */,
				E212C0DC18784AED004F3255 /* ViewController.m */,
				E212C0DE18784AEE004F3255 /* Images.xcassets */,
				E212C0CD18784AED004F3255 /* Supporting Files */,
			);
			path = TravisCiIntegration;
			sourceTree = "<group>";
		};
		E212C0CD18784AED004F3255 /* Supporting Files */ = {
			isa = PBXGroup;
			children = (
				E212C0CE18784AED004F3255 /* TravisCiIntegration-Info.plist */,
				E212C0CF18784AED004F3255 /* InfoPlist.strings */,
				E212C0D218784AED004F3255 /* main.m */,
				E212C0D418784AED004F3255 /* TravisCiIntegration-Prefix.pch */,
			);
			name = "Supporting Files";
			sourceTree = "<group>";
		};
		E212C0EB18784AEE004F3255 /* TravisCiIntegrationTests */ = {
			isa = PBXGroup;
			children = (
				E212C0F118784AEE004F3255 /* TravisCiIntegrationTests.m */,
				E212C0EC18784AEE004F3255 /* Supporting Files */,
			);
			path = TravisCiIntegrationTests;
			sourceTree = "<group>";
		};
		E212C0EC18784AEE004F3255 /* Supporting Files */ = {
			isa = PBXGroup;
			children = (
				E212C0ED18784AEE004F3255 /* TravisCiIntegrationTests-Info.plist */,
				E212C0EE18784AEE004F3255 /* InfoPlist.strings */,
			);
			name = "Supporting Files";
			sourceTree = "<group>";
		};
/* End PBXGroup section */

/* Begin PBXNativeTarget section */
		E212C0C218784AED004F3255 /* TravisCiIntegration */ = {
			isa = PBXNativeTarget;
			buildConfigurationList = E212C0F518784AEE004F3255 /* Build configuration list for PBXNativeTarget "TravisCiIntegration" */;
			buildPhases = (
				7AF5B8C70D7F4FE586E66404 /* Check Pods Manifest.lock */,
				E212C0BF18784AED004F3255 /* Sources */,
				E212C0C018784AED004F3255 /* Frameworks */,
				E212C0C118784AED004F3255 /* Resources */,
				13E78ABF4B7F43F09477BB15 /* Copy Pods Resources */,
			);
			buildRules = (
			);
			dependencies = (
			);
			name = TravisCiIntegration;
			productName = TravisCiIntegration;
			productReference = E212C0C318784AED004F3255 /* TravisCiIntegration.app */;
			productType = "com.apple.product-type.application";
		};
		E212C0E318784AEE004F3255 /* TravisCiIntegrationTests */ = {
			isa = PBXNativeTarget;
			buildConfigurationList = E212C0F818784AEE004F3255 /* Build configuration list for PBXNativeTarget "TravisCiIntegrationTests" */;
			buildPhases = (
				E212C0E018784AEE004F3255 /* Sources */,
				E212C0E118784AEE004F3255 /* Frameworks */,
				E212C0E218784AEE004F3255 /* Resources */,
			);
			buildRules = (
			);
			dependencies = (
				E212C0EA18784AEE004F3255 /* PBXTargetDependency */,
			);
			name = TravisCiIntegrationTests;
			productName = TravisCiIntegrationTests;
			productReference = E212C0E418784AEE004F3255 /* TravisCiIntegrationTests.xctest */;
			productType = "com.apple.product-type.bundle.unit-test";
		};
/* End PBXNativeTarget section */

/* Begin PBXProject section */
		E212C0BB18784AED004F3255 /* Project object */ = {
			isa = PBXProject;
			attributes = {
				LastUpgradeCheck = 0500;
				ORGANIZATIONNAME = "Felipe Sabino";
				TargetAttributes = {
					E212C0E318784AEE004F3255 = {
						TestTargetID = E212C0C218784AED004F3255;
					};
				};
			};
			buildConfigurationList = E212C0BE18784AED004F3255 /* Build configuration list for PBXProject "TravisCiIntegration" */;
			compatibilityVersion = "Xcode 3.2";
			developmentRegion = English;
			hasScannedForEncodings = 0;
			knownRegions = (
				en,
				Base,
			);
			mainGroup = E212C0BA18784AED004F3255;
			productRefGroup = E212C0C418784AED004F3255 /* Products */;
			projectDirPath = "";
			projectRoot = "";
			targets = (
				E212C0C218784AED004F3255 /* TravisCiIntegration */,
				E212C0E318784AEE004F3255 /* TravisCiIntegrationTests */,
			);
		};
/* End PBXProject section */

/* Begin PBXResourcesBuildPhase section */
		E212C0C118784AED004F3255 /* Resources */ = {
			isa = PBXResourcesBuildPhase;
			buildActionMask = 2147483647;
			files = (
				E212C0DF18784AEE004F3255 /* Images.xcassets in Resources */,
				E212C0D118784AED004F3255 /* InfoPlist.strings in Resources */,
				E212C0DA18784AED004F3255 /* Main.storyboard in Resources */,
			);
			runOnlyForDeploymentPostprocessing = 0;
		};
		E212C0E218784AEE004F3255 /* Resources */ = {
			isa = PBXResourcesBuildPhase;
			buildActionMask = 2147483647;
			files = (
				E212C0F018784AEE004F3255 /* InfoPlist.strings in Resources */,
			);
			runOnlyForDeploymentPostprocessing = 0;
		};
/* End PBXResourcesBuildPhase section */

/* Begin PBXShellScriptBuildPhase section */
		13E78ABF4B7F43F09477BB15 /* Copy Pods Resources */ = {
			isa = PBXShellScriptBuildPhase;
			buildActionMask = 2147483647;
			files = (
			);
			inputPaths = (
			);
			name = "Copy Pods Resources";
			outputPaths = (
			);
			runOnlyForDeploymentPostprocessing = 0;
			shellPath = /bin/sh;
			shellScript = "\"${SRCROOT}/Pods/Pods-resources.sh\"\n";
			showEnvVarsInLog = 0;
		};
		7AF5B8C70D7F4FE586E66404 /* Check Pods Manifest.lock */ = {
			isa = PBXShellScriptBuildPhase;
			buildActionMask = 2147483647;
			files = (
			);
			inputPaths = (
			);
			name = "Check Pods Manifest.lock";
			outputPaths = (
			);
			runOnlyForDeploymentPostprocessing = 0;
			shellPath = /bin/sh;
			shellScript = "diff \"${PODS_ROOT}/../Podfile.lock\" \"${PODS_ROOT}/Manifest.lock\" > /dev/null\nif [[ $? != 0 ]] ; then\n    cat << EOM\nerror: The sandbox is not in sync with the Podfile.lock. Run 'pod install' or update your CocoaPods installation.\nEOM\n    exit 1\nfi\n";
			showEnvVarsInLog = 0;
		};
/* End PBXShellScriptBuildPhase section */

/* Begin PBXSourcesBuildPhase section */
		E212C0BF18784AED004F3255 /* Sources */ = {
			isa = PBXSourcesBuildPhase;
			buildActionMask = 2147483647;
			files = (
				E212C0DD18784AED004F3255 /* ViewController.m in Sources */,
				E212C0D718784AED004F3255 /* AppDelegate.m in Sources */,
				E212C0D318784AED004F3255 /* main.m in Sources */,
			);
			runOnlyForDeploymentPostprocessing = 0;
		};
		E212C0E018784AEE004F3255 /* Sources */ = {
			isa = PBXSourcesBuildPhase;
			buildActionMask = 2147483647;
			files = (
				E212C0F218784AEE004F3255 /* TravisCiIntegrationTests.m in Sources */,
			);
			runOnlyForDeploymentPostprocessing = 0;
		};
/* End PBXSourcesBuildPhase section */

/* Begin PBXTargetDependency section */
		E212C0EA18784AEE004F3255 /* PBXTargetDependency */ = {
			isa = PBXTargetDependency;
			target = E212C0C218784AED004F3255 /* TravisCiIntegration */;
			targetProxy = E212C0E918784AEE004F3255 /* PBXContainerItemProxy */;
		};
/* End PBXTargetDependency section */

/* Begin PBXVariantGroup section */
		E212C0CF18784AED004F3255 /* InfoPlist.strings */ = {
			isa = PBXVariantGroup;
			children = (
				E212C0D018784AED004F3255 /* en */,
			);
			name = InfoPlist.strings;
			sourceTree = "<group>";
		};
		E212C0D818784AED004F3255 /* Main.storyboard */ = {
			isa = PBXVariantGroup;
			children = (
				E212C0D918784AED004F3255 /* Base */,
			);
			name = Main.storyboard;
			sourceTree = "<group>";
		};
		E212C0EE18784AEE004F3255 /* InfoPlist.strings */ = {
			isa = PBXVariantGroup;
			children = (
				E212C0EF18784AEE004F3255 /* en */,
			);
			name = InfoPlist.strings;
			sourceTree = "<group>";
		};
/* End PBXVariantGroup section */

/* Begin XCBuildConfiguration section */
		E212C0F318784AEE004F3255 /* Debug */ = {
			isa = XCBuildConfiguration;
			buildSettings = {
				ALWAYS_SEARCH_USER_PATHS = NO;
				ARCHS = "$(ARCHS_STANDARD_INCLUDING_64_BIT)";
				CLANG_CXX_LANGUAGE_STANDARD = "gnu++0x";
				CLANG_CXX_LIBRARY = "libc++";
				CLANG_ENABLE_MODULES = YES;
				CLANG_ENABLE_OBJC_ARC = YES;
				CLANG_WARN_BOOL_CONVERSION = YES;
				CLANG_WARN_CONSTANT_CONVERSION = YES;
				CLANG_WARN_DIRECT_OBJC_ISA_USAGE = YES_ERROR;
				CLANG_WARN_EMPTY_BODY = YES;
				CLANG_WARN_ENUM_CONVERSION = YES;
				CLANG_WARN_INT_CONVERSION = YES;
				CLANG_WARN_OBJC_ROOT_CLASS = YES_ERROR;
				CLANG_WARN__DUPLICATE_METHOD_MATCH = YES;
				"CODE_SIGN_IDENTITY[sdk=iphoneos*]" = "iPhone Developer";
				COPY_PHASE_STRIP = NO;
				GCC_C_LANGUAGE_STANDARD = gnu99;
				GCC_DYNAMIC_NO_PIC = NO;
				GCC_OPTIMIZATION_LEVEL = 0;
				GCC_PREPROCESSOR_DEFINITIONS = (
					"DEBUG=1",
					"$(inherited)",
				);
				GCC_SYMBOLS_PRIVATE_EXTERN = NO;
				GCC_WARN_64_TO_32_BIT_CONVERSION = YES;
				GCC_WARN_ABOUT_RETURN_TYPE = YES_ERROR;
				GCC_WARN_UNDECLARED_SELECTOR = YES;
				GCC_WARN_UNINITIALIZED_AUTOS = YES;
				GCC_WARN_UNUSED_FUNCTION = YES;
				GCC_WARN_UNUSED_VARIABLE = YES;
				IPHONEOS_DEPLOYMENT_TARGET = 7.0;
				ONLY_ACTIVE_ARCH = YES;
				SDKROOT = iphoneos;
			};
			name = Debug;
		};
		E212C0F418784AEE004F3255 /* Release */ = {
			isa = XCBuildConfiguration;
			buildSettings = {
				ALWAYS_SEARCH_USER_PATHS = NO;
				ARCHS = "$(ARCHS_STANDARD_INCLUDING_64_BIT)";
				CLANG_CXX_LANGUAGE_STANDARD = "gnu++0x";
				CLANG_CXX_LIBRARY = "libc++";
				CLANG_ENABLE_MODULES = YES;
				CLANG_ENABLE_OBJC_ARC = YES;
				CLANG_WARN_BOOL_CONVERSION = YES;
				CLANG_WARN_CONSTANT_CONVERSION = YES;
				CLANG_WARN_DIRECT_OBJC_ISA_USAGE = YES_ERROR;
				CLANG_WARN_EMPTY_BODY = YES;
				CLANG_WARN_ENUM_CONVERSION = YES;
				CLANG_WARN_INT_CONVERSION = YES;
				CLANG_WARN_OBJC_ROOT_CLASS = YES_ERROR;
				CLANG_WARN__DUPLICATE_METHOD_MATCH = YES;
				"CODE_SIGN_IDENTITY[sdk=iphoneos*]" = "iPhone Developer";
				COPY_PHASE_STRIP = YES;
				ENABLE_NS_ASSERTIONS = NO;
				GCC_C_LANGUAGE_STANDARD = gnu99;
				GCC_WARN_64_TO_32_BIT_CONVERSION = YES;
				GCC_WARN_ABOUT_RETURN_TYPE = YES_ERROR;
				GCC_WARN_UNDECLARED_SELECTOR = YES;
				GCC_WARN_UNINITIALIZED_AUTOS = YES;
				GCC_WARN_UNUSED_FUNCTION = YES;
				GCC_WARN_UNUSED_VARIABLE = YES;
				IPHONEOS_DEPLOYMENT_TARGET = 7.0;
				SDKROOT = iphoneos;
				VALIDATE_PRODUCT = YES;
			};
			name = Release;
		};
		E212C0F618784AEE004F3255 /* Debug */ = {
			isa = XCBuildConfiguration;
			baseConfigurationReference = 32C0A65B95E24005823087B4 /* Pods.xcconfig */;
			buildSettings = {
				ASSETCATALOG_COMPILER_APPICON_NAME = AppIcon;
				ASSETCATALOG_COMPILER_LAUNCHIMAGE_NAME = LaunchImage;
				GCC_PRECOMPILE_PREFIX_HEADER = YES;
				GCC_PREFIX_HEADER = "TravisCiIntegration/TravisCiIntegration-Prefix.pch";
				INFOPLIST_FILE = "TravisCiIntegration/TravisCiIntegration-Info.plist";
				PRODUCT_NAME = "$(TARGET_NAME)";
				PROVISIONING_PROFILE = "50E040B7-69B9-4300-82D9-B72F61DC8744";
				WRAPPER_EXTENSION = app;
			};
			name = Debug;
		};
		E212C0F718784AEE004F3255 /* Release */ = {
			isa = XCBuildConfiguration;
			baseConfigurationReference = 32C0A65B95E24005823087B4 /* Pods.xcconfig */;
			buildSettings = {
				ASSETCATALOG_COMPILER_APPICON_NAME = AppIcon;
				ASSETCATALOG_COMPILER_LAUNCHIMAGE_NAME = LaunchImage;
				"CODE_SIGN_IDENTITY[sdk=iphoneos*]" = "iPhone Distribution: Taqtile Mobility, LLC (D4S2YEYDL8)";
				GCC_PRECOMPILE_PREFIX_HEADER = YES;
				GCC_PREFIX_HEADER = "TravisCiIntegration/TravisCiIntegration-Prefix.pch";
				INFOPLIST_FILE = "TravisCiIntegration/TravisCiIntegration-Info.plist";
				PRODUCT_NAME = "$(TARGET_NAME)";
				PROVISIONING_PROFILE = "50E040B7-69B9-4300-82D9-B72F61DC8744";
				WRAPPER_EXTENSION = app;
			};
			name = Release;
		};
		E212C0F918784AEE004F3255 /* Debug */ = {
			isa = XCBuildConfiguration;
			buildSettings = {
				ARCHS = "$(ARCHS_STANDARD_INCLUDING_64_BIT)";
				BUNDLE_LOADER = "$(BUILT_PRODUCTS_DIR)/TravisCiIntegration.app/TravisCiIntegration";
				FRAMEWORK_SEARCH_PATHS = (
					"$(SDKROOT)/Developer/Library/Frameworks",
					"$(inherited)",
					"$(DEVELOPER_FRAMEWORKS_DIR)",
				);
				GCC_PRECOMPILE_PREFIX_HEADER = YES;
				GCC_PREFIX_HEADER = "TravisCiIntegration/TravisCiIntegration-Prefix.pch";
				GCC_PREPROCESSOR_DEFINITIONS = (
					"DEBUG=1",
					"$(inherited)",
				);
				INFOPLIST_FILE = "TravisCiIntegrationTests/TravisCiIntegrationTests-Info.plist";
				PRODUCT_NAME = "$(TARGET_NAME)";
				TEST_HOST = "$(BUNDLE_LOADER)";
				WRAPPER_EXTENSION = xctest;
			};
			name = Debug;
		};
		E212C0FA18784AEE004F3255 /* Release */ = {
			isa = XCBuildConfiguration;
			buildSettings = {
				ARCHS = "$(ARCHS_STANDARD_INCLUDING_64_BIT)";
				BUNDLE_LOADER = "$(BUILT_PRODUCTS_DIR)/TravisCiIntegration.app/TravisCiIntegration";
				FRAMEWORK_SEARCH_PATHS = (
					"$(SDKROOT)/Developer/Library/Frameworks",
					"$(inherited)",
					"$(DEVELOPER_FRAMEWORKS_DIR)",
				);
				GCC_PRECOMPILE_PREFIX_HEADER = YES;
				GCC_PREFIX_HEADER = "TravisCiIntegration/TravisCiIntegration-Prefix.pch";
				INFOPLIST_FILE = "TravisCiIntegrationTests/TravisCiIntegrationTests-Info.plist";
				PRODUCT_NAME = "$(TARGET_NAME)";
				TEST_HOST = "$(BUNDLE_LOADER)";
				WRAPPER_EXTENSION = xctest;
			};
			name = Release;
		};
/* End XCBuildConfiguration section */

/* Begin XCConfigurationList section */
		E212C0BE18784AED004F3255 /* Build configuration list for PBXProject "TravisCiIntegration" */ = {
			isa = XCConfigurationList;
			buildConfigurations = (
				E212C0F318784AEE004F3255 /* Debug */,
				E212C0F418784AEE004F3255 /* Release */,
			);
			defaultConfigurationIsVisible = 0;
			defaultConfigurationName = Release;
		};
		E212C0F518784AEE004F3255 /* Build configuration list for PBXNativeTarget "TravisCiIntegration" */ = {
			isa = XCConfigurationList;
			buildConfigurations = (
				E212C0F618784AEE004F3255 /* Debug */,
				E212C0F718784AEE004F3255 /* Release */,
			);
			defaultConfigurationIsVisible = 0;
			defaultConfigurationName = Release;
		};
		E212C0F818784AEE004F3255 /* Build configuration list for PBXNativeTarget "TravisCiIntegrationTests" */ = {
			isa = XCConfigurationList;
			buildConfigurations = (
				E212C0F918784AEE004F3255 /* Debug */,
				E212C0FA18784AEE004F3255 /* Release */,
			);
			defaultConfigurationIsVisible = 0;
			defaultConfigurationName = Release;
		};
/* End XCConfigurationList section */
	};
	rootObject = E212C0BB18784AED004F3255 /* Project object */;
}
